{
    "_readme": [
        "This file locks the dependencies of your project to a known state",
        "Read more about it at https://getcomposer.org/doc/01-basic-usage.md#composer-lock-the-lock-file",
        "This file is @generated automatically"
    ],
    "hash": "5295387f143d4c10f91f11db15603f55",
    "content-hash": "de35ffc91ded32d1febd8764a8a29ee6",
    "packages": [
        {
            "name": "eher/oauth",
            "version": "1.0.7",
            "source": {
                "type": "git",
                "url": "https://github.com/EHER/OAuth.git",
                "reference": "935c1f7709d1c1457de9e250d0e5f29cac06e507"
            },
            "dist": {
                "type": "zip",
                "url": "https://api.github.com/repos/EHER/OAuth/zipball/935c1f7709d1c1457de9e250d0e5f29cac06e507",
                "reference": "935c1f7709d1c1457de9e250d0e5f29cac06e507",
                "shasum": ""
            },
            "require": {
                "php": ">=5.3.0"
            },
            "require-dev": {
                "eher/phpunit": "1.6"
            },
            "type": "library",
            "autoload": {
                "psr-0": {
                    "Eher\\OAuth": "src"
                }
            },
            "notification-url": "https://packagist.org/downloads/",
            "license": [
                "BSD-3-Clause"
            ],
            "description": "OAuth 1 PHP Library",
            "time": "2012-12-13 23:48:10"
        },
        {
            "name": "umich-its-tl/caliper-php",
            "version": "1.0.1",
            "source": {
                "type": "git",
                "url": "https://github.com/tl-its-umich-edu/caliper-php-public.git",
                "reference": "e35b0eceaf3c0919c075955a7a97743d2aa41327"
            },
            "dist": {
                "type": "zip",
                "url": "https://api.github.com/repos/tl-its-umich-edu/caliper-php-public/zipball/e35b0eceaf3c0919c075955a7a97743d2aa41327",
                "reference": "e35b0eceaf3c0919c075955a7a97743d2aa41327",
                "shasum": ""
            },
            "require": {
                "php": ">=5.4"
            },
            "require-dev": {
                "phpunit/phpunit": "4.6.*"
            },
            "type": "library",
            "autoload": {
                "files": [
                    "lib/Caliper/Sensor.php"
                ]
            },
            "license": [
                "proprietary"
            ],
            "description": "Caliper PHP Library",
            "homepage": "http://www.imsglobal.org",
            "keywords": [
                "caliper"
            ],
            "support": {
                "source": "https://github.com/tl-its-umich-edu/caliper-php-public/tree/LC_Caliper-1.0.1"
            },
            "time": "2016-01-27 19:20:14"
        },
        {
            "name": "umich-its-tl/viadutoo",
            "version": "dev-master",
            "source": {
                "type": "git",
                "url": "https://github.com/tl-its-umich-edu/viadutoo.git",
                "reference": "3146549748dfb379ab7fb8e09229761bf1d07533"
            },
            "dist": {
                "type": "zip",
                "url": "https://api.github.com/repos/tl-its-umich-edu/viadutoo/zipball/3146549748dfb379ab7fb8e09229761bf1d07533",
                "reference": "3146549748dfb379ab7fb8e09229761bf1d07533",
                "shasum": ""
            },
            "require": {
                "eher/oauth": "1.0.7",
                "php": ">=5.4"
            },
            "type": "library",
            "autoload": {
                "files": [
                    "lib/Viadutoo/MessageProxy.php"
                ]
            },
            "license": [
                "proprietary"
            ],
            "authors": [
                {
                    "name": "Lance E Sloan",
                    "email": "lsloan-viadutoo-composer@umich.edu",
                    "role": "Developer"
                }
            ],
            "description": "Viadutoo: caching proxy endpoint for Caliper event data",
            "keywords": [
                "viadutoo"
            ],
            "support": {
                "source": "https://github.com/tl-its-umich-edu/viadutoo/tree/master",
                "issues": "https://github.com/tl-its-umich-edu/viadutoo/issues"
            },
            "time": "2016-06-02 20:17:00"
        }
    ],
    "packages-dev": [],
    "aliases": [],
    "minimum-stability": "stable",
    "stability-flags": {
        "umich-its-tl/viadutoo": 20
    },
    "prefer-stable": false,
    "prefer-lowest": false,
    "platform": {
        "php": ">=5.4"
    },
    "platform-dev": []
}
